{
  "requires": true,
  "lockfileVersion": 1,
  "dependencies": {
    "amdefine": {
      "version": "1.0.1",
      "resolved": "https://registry.npmjs.org/amdefine/-/amdefine-1.0.1.tgz",
      "integrity": "sha1-SlKCrBZHKek2Gbz9OtFR+BfOkfU=",
      "optional": true
    },
    "async": {
      "version": "0.2.10",
      "resolved": "https://registry.npmjs.org/async/-/async-0.2.10.tgz",
      "integrity": "sha1-trvgsGdLnXGXCMo43owjfLUmw9E="
    },
    "binary-search-tree": {
      "version": "0.2.3",
      "resolved": "https://registry.npmjs.org/binary-search-tree/-/binary-search-tree-0.2.3.tgz",
      "integrity": "sha1-t2s2K0DfQ19toWX1vTGa7jbv3XY=",
      "requires": {
        "underscore": "1.4.4"
      }
    },
    "colors": {
      "version": "1.1.2",
      "resolved": "https://registry.npmjs.org/colors/-/colors-1.1.2.tgz",
      "integrity": "sha1-FopHAXVran9RoSzgyXv6KMCE7WM="
    },
    "cookies": {
      "version": "0.4.0",
      "resolved": "https://registry.npmjs.org/cookies/-/cookies-0.4.0.tgz",
      "integrity": "sha1-xdH4t2IX7WUxNa/jK9rXR8L6kZA=",
      "requires": {
        "keygrip": "1.0.2"
      }
    },
    "ejs": {
      "version": "1.0.0",
      "resolved": "https://registry.npmjs.org/ejs/-/ejs-1.0.0.tgz",
      "integrity": "sha1-ycYKSKRu5FL7MqccMXuV5aofyz0="
    },
    "formidable": {
      "version": "1.0.14",
      "resolved": "https://registry.npmjs.org/formidable/-/formidable-1.0.14.tgz",
      "integrity": "sha1-Kz9MQRy7X91pXESEPiojUUpDIxo="
    },
    "handlebars": {
      "version": "2.0.0-alpha.2",
      "resolved": "https://registry.npmjs.org/handlebars/-/handlebars-2.0.0-alpha.2.tgz",
      "integrity": "sha1-zrltYCMYE0VYgXPKK3uMkuP0xbI=",
      "requires": {
        "optimist": "0.3.7",
        "uglify-js": "2.3.6"
      }
    },
    "keygrip": {
      "version": "1.0.2",
      "resolved": "https://registry.npmjs.org/keygrip/-/keygrip-1.0.2.tgz",
      "integrity": "sha1-rTKXxVcGneqLz+ek+kkbdcXd65E="
    },
    "mime": {
      "version": "2.2.0",
      "resolved": "https://registry.npmjs.org/mime/-/mime-2.2.0.tgz",
      "integrity": "sha512-0Qz9uF1ATtl8RKJG4VRfOymh7PyEor6NbrI/61lRfuRe4vx9SNATrvAeTj2EWVRKjEQGskrzWkJBBY5NbaVHIA=="
    },
    "mkdirp": {
      "version": "0.3.5",
      "resolved": "https://registry.npmjs.org/mkdirp/-/mkdirp-0.3.5.tgz",
      "integrity": "sha1-3j5fiWHIjHh+4TaN+EmsRBPsqNc="
    },
    "nedb": {
      "version": "0.10.5",
      "resolved": "https://registry.npmjs.org/nedb/-/nedb-0.10.5.tgz",
      "integrity": "sha1-Ja/JxIzVi70l0nDvrVxv4LaleJE=",
      "requires": {
        "async": "0.2.10",
        "binary-search-tree": "0.2.3",
        "mkdirp": "0.3.5",
        "underscore": "1.4.4"
      }
    },
    "node-static": {
      "version": "0.7.3",
      "resolved": "https://registry.npmjs.org/node-static/-/node-static-0.7.3.tgz",
      "integrity": "sha1-/dIV6Y56MP6DD2eCBG1zVhAv2zs=",
      "requires": {
        "colors": "1.1.2",
        "mime": "2.2.0",
        "optimist": "0.3.7"
      }
    },
    "optimist": {
      "version": "0.3.7",
      "resolved": "https://registry.npmjs.org/optimist/-/optimist-0.3.7.tgz",
      "integrity": "sha1-yQlBrVnkJzMokjB00s8ufLxuwNk=",
      "requires": {
        "wordwrap": "0.0.3"
      }
    },
    "path-to-regexp": {
      "version": "0.1.2",
      "resolved": "https://registry.npmjs.org/path-to-regexp/-/path-to-regexp-0.1.2.tgz",
      "integrity": "sha1-mysVH5zDAYye6lDKlXKeBXgXErQ="
    },
    "servi": {
      "version": "0.0.8",
      "resolved": "https://registry.npmjs.org/servi/-/servi-0.0.8.tgz",
      "integrity": "sha1-XaPgz28lUs437FwWNxkfSIDbswk=",
      "requires": {
        "cookies": "0.4.0",
        "ejs": "1.0.0",
        "formidable": "1.0.14",
        "handlebars": "2.0.0-alpha.2",
        "nedb": "0.10.5",
        "node-static": "0.7.3",
        "path-to-regexp": "0.1.2"
      }
    },
    "source-map": {
      "version": "0.1.43",
      "resolved": "https://registry.npmjs.org/source-map/-/source-map-0.1.43.tgz",
      "integrity": "sha1-wkvBRspRfBRx9drL4lcbK3+eM0Y=",
      "optional": true,
      "requires": {
        "amdefine": "1.0.1"
      }
    },
    "uglify-js": {
      "version": "2.3.6",
      "resolved": "https://registry.npmjs.org/uglify-js/-/uglify-js-2.3.6.tgz",
      "integrity": "sha1-+gmEdwtCi3qbKoBY9GNV0U/vIRo=",
      "optional": true,
      "requires": {
        "async": "0.2.10",
        "optimist": "0.3.7",
        "source-map": "0.1.43"
      }
    },
    "underscore": {
      "version": "1.4.4",
      "resolved": "https://registry.npmjs.org/underscore/-/underscore-1.4.4.tgz",
      "integrity": "sha1-YaajIBBiKvoHljvzJSA88SI51gQ="
    },
    "wordwrap": {
      "version": "0.0.3",
      "resolved": "https://registry.npmjs.org/wordwrap/-/wordwrap-0.0.3.tgz",
      "integrity": "sha1-o9XabNXAvAAI03I0u68b7WMFkQc="
    }
  }
}
